
Microsoft Visual Studio Solution File, Format Version 12.00
# Visual Studio Version 17
VisualStudioVersion = 17.6.33801.468
MinimumVisualStudioVersion = 10.0.40219.1
Project("{9A19103F-16F7-4668-BE54-9A1E7A4F7556}") = "InvoicingApp", "InvoicingApp\InvoicingApp.csproj", "{225E5CCF-C95F-467D-931F-50E056FD3A33}"
EndProject
Project("{2150E333-8FDC-42A3-9474-1A3956D46DE8}") = "Solution Items", "Solution Items", "{F075645C-DFBB-4602-A421-3B404AE172A7}"
	ProjectSection(SolutionItems) = preProject
		README.md = README.md
	EndProjectSection
EndProject
Global
	GlobalSection(SolutionConfigurationPlatforms) = preSolution
		Debug|Any CPU = Debug|Any CPU
		Release|Any CPU = Release|Any CPU
	EndGlobalSection
	GlobalSection(ProjectConfigurationPlatforms) = postSolution
		{225E5CCF-C95F-467D-931F-50E056FD3A33}.Debug|Any CPU.ActiveCfg = Debug|Any CPU
		{225E5CCF-C95F-467D-931F-50E056FD3A33}.Debug|Any CPU.Build.0 = Debug|Any CPU
		{225E5CCF-C95F-467D-931F-50E056FD3A33}.Release|Any CPU.ActiveCfg = Release|Any CPU
		{225E5CCF-C95F-467D-931F-50E056FD3A33}.Release|Any CPU.Build.0 = Release|Any CPU
	EndGlobalSection
	GlobalSection(SolutionProperties) = preSolution
		HideSolutionNode = FALSE
	EndGlobalSection
	GlobalSection(ExtensibilityGlobals) = postSolution
		SolutionGuid = {ED8EAC11-7BF3-45E5-804E-E308CAD49740}
	EndGlobalSection
EndGlobal
